// !$*UTF8*$!
{
	archiveVersion = 1;
	classes = {
	};
	objectVersion = 54;
	objects = {

/* Begin PBXBuildFile section */
		0EFED00438D0C1F93B7353FB /* DataController.swift in Sources */ = {isa = PBXBuildFile; fileRef = 312D5856F546A9FB635D52F1 /* DataController.swift */; };
		25B5B1A27360CF3B94B723CD /* DesignTokens.swift in Sources */ = {isa = PBXBuildFile; fileRef = E302221806254B729984868B /* DesignTokens.swift */; };
		45A5E4209720B7BF84E43977 /* ContentView.swift in Sources */ = {isa = PBXBuildFile; fileRef = FE8C09A0577005D7848EAB16 /* ContentView.swift */; };
		4667532FC92891E871E29355 /* DebugUITests.swift in Sources */ = {isa = PBXBuildFile; fileRef = 7F113E9FFDCF570A9BC05463 /* DebugUITests.swift */; };
		56347CD76BA1E658441D8D6F /* DesignSystemUITests.swift in Sources */ = {isa = PBXBuildFile; fileRef = 65714DDE038569FC5C471011 /* DesignSystemUITests.swift */; };
		5F5B4392A98D2A1D90CFE5F7 /* MedicationProfile.swift in Sources */ = {isa = PBXBuildFile; fileRef = 35AB5564A077F30F857788B4 /* MedicationProfile.swift */; };
		80F00B03F4A9C63A52D46AAE /* JabTrackerApp.swift in Sources */ = {isa = PBXBuildFile; fileRef = E45ABB67198C53503C20D15E /* JabTrackerApp.swift */; };
		8C4394182B8C8AB47223C342 /* User.swift in Sources */ = {isa = PBXBuildFile; fileRef = 67D9360EE9CBE29C1BF3DE26 /* User.swift */; };
		9E89DBFDEEF9BB83C613E7EC /* ButtonComponents.swift in Sources */ = {isa = PBXBuildFile; fileRef = 4068B3EB73128183393A2D3B /* ButtonComponents.swift */; };
		A2BAF65571C6DAA51A0CBF0F /* JabTrackerUITests.swift in Sources */ = {isa = PBXBuildFile; fileRef = 468AA95F832757BEEE5F5508 /* JabTrackerUITests.swift */; };
		B000368714C479D72A1E41B7 /* JabTrackerTests.swift in Sources */ = {isa = PBXBuildFile; fileRef = CECF6BE24F720B373F8E66DB /* JabTrackerTests.swift */; };
		BF8C651CAB2F92E2C151A7B7 /* Colors+Extensions.swift in Sources */ = {isa = PBXBuildFile; fileRef = 92209045E4347373E0C9BCAB /* Colors+Extensions.swift */; };
		D620D4D470F1A3912620A111 /* DesignSystemTests.swift in Sources */ = {isa = PBXBuildFile; fileRef = AFDCB9FC9DB6B52F2BAD963D /* DesignSystemTests.swift */; };
		DB2729859B9AB311F4A8120D /* CardComponents.swift in Sources */ = {isa = PBXBuildFile; fileRef = EE66B10C09A23B18DE262674 /* CardComponents.swift */; };
		DE66EDE933E24902A372FE28 /* JabTrackerUITestsLaunchTests.swift in Sources */ = {isa = PBXBuildFile; fileRef = 93A60BD8C5C54182EA9D8B31 /* JabTrackerUITestsLaunchTests.swift */; };
		E4E2E302D5AC11A67F4A584B /* Dose.swift in Sources */ = {isa = PBXBuildFile; fileRef = 78475804BE3FA10B539F70D5 /* Dose.swift */; };
		F55D33FC517BE359F05C333C /* ButtonStyles.swift in Sources */ = {isa = PBXBuildFile; fileRef = A6F1C2F84876E9254E17FF28 /* ButtonStyles.swift */; };
		FB791237B443E2959C3CD9BE /* PersistenceTests.swift in Sources */ = {isa = PBXBuildFile; fileRef = 7150A995B6D4936C3556044A /* PersistenceTests.swift */; };
/* End PBXBuildFile section */

/* Begin PBXContainerItemProxy section */
		92C5097A818D343DBF21C6BF /* PBXContainerItemProxy */ = {
			isa = PBXContainerItemProxy;
			containerPortal = CF2D92B71850FD31EE723A56 /* Project object */;
			proxyType = 1;
			remoteGlobalIDString = C7A0EA69BE8F86B301F96F40;
			remoteInfo = JabTracker;
		};
		C22A670035672DA6575887A8 /* PBXContainerItemProxy */ = {
			isa = PBXContainerItemProxy;
			containerPortal = CF2D92B71850FD31EE723A56 /* Project object */;
			proxyType = 1;
			remoteGlobalIDString = C7A0EA69BE8F86B301F96F40;
			remoteInfo = JabTracker;
		};
/* End PBXContainerItemProxy section */

/* Begin PBXFileReference section */
		312D5856F546A9FB635D52F1 /* DataController.swift */ = {isa = PBXFileReference; lastKnownFileType = sourcecode.swift; path = DataController.swift; sourceTree = "<group>"; };
		35AB5564A077F30F857788B4 /* MedicationProfile.swift */ = {isa = PBXFileReference; lastKnownFileType = sourcecode.swift; path = MedicationProfile.swift; sourceTree = "<group>"; };
		4068B3EB73128183393A2D3B /* ButtonComponents.swift */ = {isa = PBXFileReference; lastKnownFileType = sourcecode.swift; path = ButtonComponents.swift; sourceTree = "<group>"; };
		468AA95F832757BEEE5F5508 /* JabTrackerUITests.swift */ = {isa = PBXFileReference; lastKnownFileType = sourcecode.swift; path = JabTrackerUITests.swift; sourceTree = "<group>"; };
		64E683B7B51B8427B88E3017 /* JabTrackerTests.xctest */ = {isa = PBXFileReference; includeInIndex = 0; lastKnownFileType = wrapper.cfbundle; path = JabTrackerTests.xctest; sourceTree = BUILT_PRODUCTS_DIR; };
		65714DDE038569FC5C471011 /* DesignSystemUITests.swift */ = {isa = PBXFileReference; lastKnownFileType = sourcecode.swift; path = DesignSystemUITests.swift; sourceTree = "<group>"; };
		67D9360EE9CBE29C1BF3DE26 /* User.swift */ = {isa = PBXFileReference; lastKnownFileType = sourcecode.swift; path = User.swift; sourceTree = "<group>"; };
		7150A995B6D4936C3556044A /* PersistenceTests.swift */ = {isa = PBXFileReference; lastKnownFileType = sourcecode.swift; path = PersistenceTests.swift; sourceTree = "<group>"; };
		78475804BE3FA10B539F70D5 /* Dose.swift */ = {isa = PBXFileReference; lastKnownFileType = sourcecode.swift; path = Dose.swift; sourceTree = "<group>"; };
		7F113E9FFDCF570A9BC05463 /* DebugUITests.swift */ = {isa = PBXFileReference; lastKnownFileType = sourcecode.swift; path = DebugUITests.swift; sourceTree = "<group>"; };
		92209045E4347373E0C9BCAB /* Colors+Extensions.swift */ = {isa = PBXFileReference; lastKnownFileType = sourcecode.swift; path = "Colors+Extensions.swift"; sourceTree = "<group>"; };
		93A60BD8C5C54182EA9D8B31 /* JabTrackerUITestsLaunchTests.swift */ = {isa = PBXFileReference; lastKnownFileType = sourcecode.swift; path = JabTrackerUITestsLaunchTests.swift; sourceTree = "<group>"; };
		A6F1C2F84876E9254E17FF28 /* ButtonStyles.swift */ = {isa = PBXFileReference; lastKnownFileType = sourcecode.swift; path = ButtonStyles.swift; sourceTree = "<group>"; };
		AFDCB9FC9DB6B52F2BAD963D /* DesignSystemTests.swift */ = {isa = PBXFileReference; lastKnownFileType = sourcecode.swift; path = DesignSystemTests.swift; sourceTree = "<group>"; };
		C69716C0F961F4C16B0D08D6 /* JabTracker.app */ = {isa = PBXFileReference; includeInIndex = 0; lastKnownFileType = wrapper.application; path = JabTracker.app; sourceTree = BUILT_PRODUCTS_DIR; };
		CDC07DC6AC9A3098F3CF677D /* Info.plist */ = {isa = PBXFileReference; lastKnownFileType = text.plist; path = Info.plist; sourceTree = "<group>"; };
		CECF6BE24F720B373F8E66DB /* JabTrackerTests.swift */ = {isa = PBXFileReference; lastKnownFileType = sourcecode.swift; path = JabTrackerTests.swift; sourceTree = "<group>"; };
		E27D5ACAC4996BC70713166E /* JabTrackerUITests.xctest */ = {isa = PBXFileReference; includeInIndex = 0; lastKnownFileType = wrapper.cfbundle; path = JabTrackerUITests.xctest; sourceTree = BUILT_PRODUCTS_DIR; };
		E302221806254B729984868B /* DesignTokens.swift */ = {isa = PBXFileReference; lastKnownFileType = sourcecode.swift; path = DesignTokens.swift; sourceTree = "<group>"; };
		E45ABB67198C53503C20D15E /* JabTrackerApp.swift */ = {isa = PBXFileReference; lastKnownFileType = sourcecode.swift; path = JabTrackerApp.swift; sourceTree = "<group>"; };
		EE66B10C09A23B18DE262674 /* CardComponents.swift */ = {isa = PBXFileReference; lastKnownFileType = sourcecode.swift; path = CardComponents.swift; sourceTree = "<group>"; };
		F34F27A0FE76AB78F5C77DB6 /* JabTracker.entitlements */ = {isa = PBXFileReference; lastKnownFileType = text.plist.entitlements; path = JabTracker.entitlements; sourceTree = "<group>"; };
		FE8C09A0577005D7848EAB16 /* ContentView.swift */ = {isa = PBXFileReference; lastKnownFileType = sourcecode.swift; path = ContentView.swift; sourceTree = "<group>"; };
/* End PBXFileReference section */

/* Begin PBXGroup section */
		15AC0FC3C5A25C9AA3E198F8 = {
			isa = PBXGroup;
			children = (
				F332F1BC22972EB8757BD48D /* JabTracker */,
				7EDF9808D9D9424A7F56EEEA /* JabTrackerTests */,
				DCB0F02017ACFBDE12BF527A /* JabTrackerUITests */,
				68DE571FBB5435CD66A76AE4 /* Products */,
			);
			sourceTree = "<group>";
		};
		68DE571FBB5435CD66A76AE4 /* Products */ = {
			isa = PBXGroup;
			children = (
				C69716C0F961F4C16B0D08D6 /* JabTracker.app */,
				64E683B7B51B8427B88E3017 /* JabTrackerTests.xctest */,
				E27D5ACAC4996BC70713166E /* JabTrackerUITests.xctest */,
			);
			name = Products;
			sourceTree = "<group>";
		};
		692FF9348E5A0E755003F23B /* Design */ = {
			isa = PBXGroup;
			children = (
				4068B3EB73128183393A2D3B /* ButtonComponents.swift */,
				A6F1C2F84876E9254E17FF28 /* ButtonStyles.swift */,
				EE66B10C09A23B18DE262674 /* CardComponents.swift */,
				92209045E4347373E0C9BCAB /* Colors+Extensions.swift */,
				E302221806254B729984868B /* DesignTokens.swift */,
			);
			path = Design;
			sourceTree = "<group>";
		};
		7EDF9808D9D9424A7F56EEEA /* JabTrackerTests */ = {
			isa = PBXGroup;
			children = (
				AFDCB9FC9DB6B52F2BAD963D /* DesignSystemTests.swift */,
				CECF6BE24F720B373F8E66DB /* JabTrackerTests.swift */,
				7150A995B6D4936C3556044A /* PersistenceTests.swift */,
			);
			path = JabTrackerTests;
			sourceTree = "<group>";
		};
		92297A72E18EC457BD9DDB0C /* Models */ = {
			isa = PBXGroup;
			children = (
				78475804BE3FA10B539F70D5 /* Dose.swift */,
				35AB5564A077F30F857788B4 /* MedicationProfile.swift */,
				67D9360EE9CBE29C1BF3DE26 /* User.swift */,
			);
			path = Models;
			sourceTree = "<group>";
		};
		DCB0F02017ACFBDE12BF527A /* JabTrackerUITests */ = {
			isa = PBXGroup;
			children = (
				7F113E9FFDCF570A9BC05463 /* DebugUITests.swift */,
				65714DDE038569FC5C471011 /* DesignSystemUITests.swift */,
				468AA95F832757BEEE5F5508 /* JabTrackerUITests.swift */,
				93A60BD8C5C54182EA9D8B31 /* JabTrackerUITestsLaunchTests.swift */,
			);
			path = JabTrackerUITests;
			sourceTree = "<group>";
		};
		F332F1BC22972EB8757BD48D /* JabTracker */ = {
			isa = PBXGroup;
			children = (
				FE8C09A0577005D7848EAB16 /* ContentView.swift */,
				312D5856F546A9FB635D52F1 /* DataController.swift */,
				CDC07DC6AC9A3098F3CF677D /* Info.plist */,
				F34F27A0FE76AB78F5C77DB6 /* JabTracker.entitlements */,
				E45ABB67198C53503C20D15E /* JabTrackerApp.swift */,
				692FF9348E5A0E755003F23B /* Design */,
				92297A72E18EC457BD9DDB0C /* Models */,
			);
			path = JabTracker;
			sourceTree = "<group>";
		};
/* End PBXGroup section */

/* Begin PBXNativeTarget section */
		0EAE947DED48D0D345FE2DDA /* JabTrackerUITests */ = {
			isa = PBXNativeTarget;
			buildConfigurationList = 74CD46B6A8A6BB6961045257 /* Build configuration list for PBXNativeTarget "JabTrackerUITests" */;
			buildPhases = (
				154F6C0DBD06F8E2152C1C09 /* Sources */,
			);
			buildRules = (
			);
			dependencies = (
				AE85F17BC2141AFF0721B0F1 /* PBXTargetDependency */,
			);
			name = JabTrackerUITests;
			productName = JabTrackerUITests;
			productReference = E27D5ACAC4996BC70713166E /* JabTrackerUITests.xctest */;
			productType = "com.apple.product-type.bundle.ui-testing";
		};
		333C61C80CB435D02EDE87C5 /* JabTrackerTests */ = {
			isa = PBXNativeTarget;
			buildConfigurationList = 5670284AF92C813168EBC466 /* Build configuration list for PBXNativeTarget "JabTrackerTests" */;
			buildPhases = (
				344E765ABFB3A5A3243C5BF8 /* Sources */,
			);
			buildRules = (
			);
			dependencies = (
				3C18E58255FA62F5415BF4E3 /* PBXTargetDependency */,
			);
			name = JabTrackerTests;
			productName = JabTrackerTests;
			productReference = 64E683B7B51B8427B88E3017 /* JabTrackerTests.xctest */;
			productType = "com.apple.product-type.bundle.unit-test";
		};
		C7A0EA69BE8F86B301F96F40 /* JabTracker */ = {
			isa = PBXNativeTarget;
			buildConfigurationList = CE1EE4C2A3515203C694BE7F /* Build configuration list for PBXNativeTarget "JabTracker" */;
			buildPhases = (
				6DEF962A451BF787D5147FA7 /* Sources */,
			);
			buildRules = (
			);
			dependencies = (
			);
			name = JabTracker;
			productName = JabTracker;
			productReference = C69716C0F961F4C16B0D08D6 /* JabTracker.app */;
			productType = "com.apple.product-type.application";
		};
/* End PBXNativeTarget section */

/* Begin PBXProject section */
		CF2D92B71850FD31EE723A56 /* Project object */ = {
			isa = PBXProject;
			attributes = {
				BuildIndependentTargetsInParallel = YES;
				LastUpgradeCheck = 1430;
				TargetAttributes = {
					0EAE947DED48D0D345FE2DDA = {
						TestTargetID = C7A0EA69BE8F86B301F96F40;
					};
					C7A0EA69BE8F86B301F96F40 = {
						DevelopmentTeam = ZBZKKWF95G;
						ProvisioningStyle = Automatic;
					};
				};
			};
			buildConfigurationList = 922E0CD7412372F0FA47C43C /* Build configuration list for PBXProject "JabTracker" */;
			compatibilityVersion = "Xcode 14.0";
			developmentRegion = en;
			hasScannedForEncodings = 0;
			knownRegions = (
				Base,
				en,
			);
			mainGroup = 15AC0FC3C5A25C9AA3E198F8;
			projectDirPath = "";
			projectRoot = "";
			targets = (
				C7A0EA69BE8F86B301F96F40 /* JabTracker */,
				333C61C80CB435D02EDE87C5 /* JabTrackerTests */,
				0EAE947DED48D0D345FE2DDA /* JabTrackerUITests */,
			);
		};
/* End PBXProject section */

/* Begin PBXSourcesBuildPhase section */
		154F6C0DBD06F8E2152C1C09 /* Sources */ = {
			isa = PBXSourcesBuildPhase;
			buildActionMask = 2147483647;
			files = (
				4667532FC92891E871E29355 /* DebugUITests.swift in Sources */,
				56347CD76BA1E658441D8D6F /* DesignSystemUITests.swift in Sources */,
				A2BAF65571C6DAA51A0CBF0F /* JabTrackerUITests.swift in Sources */,
				DE66EDE933E24902A372FE28 /* JabTrackerUITestsLaunchTests.swift in Sources */,
			);
			runOnlyForDeploymentPostprocessing = 0;
		};
		344E765ABFB3A5A3243C5BF8 /* Sources */ = {
			isa = PBXSourcesBuildPhase;
			buildActionMask = 2147483647;
			files = (
				D620D4D470F1A3912620A111 /* DesignSystemTests.swift in Sources */,
				B000368714C479D72A1E41B7 /* JabTrackerTests.swift in Sources */,
				FB791237B443E2959C3CD9BE /* PersistenceTests.swift in Sources */,
			);
			runOnlyForDeploymentPostprocessing = 0;
		};
		6DEF962A451BF787D5147FA7 /* Sources */ = {
			isa = PBXSourcesBuildPhase;
			buildActionMask = 2147483647;
			files = (
				9E89DBFDEEF9BB83C613E7EC /* ButtonComponents.swift in Sources */,
				F55D33FC517BE359F05C333C /* ButtonStyles.swift in Sources */,
				DB2729859B9AB311F4A8120D /* CardComponents.swift in Sources */,
				BF8C651CAB2F92E2C151A7B7 /* Colors+Extensions.swift in Sources */,
				45A5E4209720B7BF84E43977 /* ContentView.swift in Sources */,
				0EFED00438D0C1F93B7353FB /* DataController.swift in Sources */,
				25B5B1A27360CF3B94B723CD /* DesignTokens.swift in Sources */,
				E4E2E302D5AC11A67F4A584B /* Dose.swift in Sources */,
				80F00B03F4A9C63A52D46AAE /* JabTrackerApp.swift in Sources */,
				5F5B4392A98D2A1D90CFE5F7 /* MedicationProfile.swift in Sources */,
				8C4394182B8C8AB47223C342 /* User.swift in Sources */,
			);
			runOnlyForDeploymentPostprocessing = 0;
		};
/* End PBXSourcesBuildPhase section */

/* Begin PBXTargetDependency section */
		3C18E58255FA62F5415BF4E3 /* PBXTargetDependency */ = {
			isa = PBXTargetDependency;
			target = C7A0EA69BE8F86B301F96F40 /* JabTracker */;
			targetProxy = C22A670035672DA6575887A8 /* PBXContainerItemProxy */;
		};
		AE85F17BC2141AFF0721B0F1 /* PBXTargetDependency */ = {
			isa = PBXTargetDependency;
			target = C7A0EA69BE8F86B301F96F40 /* JabTracker */;
			targetProxy = 92C5097A818D343DBF21C6BF /* PBXContainerItemProxy */;
		};
/* End PBXTargetDependency section */

/* Begin XCBuildConfiguration section */
		289AF50641E5E7ADA77DD548 /* Release */ = {
			isa = XCBuildConfiguration;
			buildSettings = {
				ALWAYS_SEARCH_USER_PATHS = NO;
				CLANG_ANALYZER_NONNULL = YES;
				CLANG_ANALYZER_NUMBER_OBJECT_CONVERSION = YES_AGGRESSIVE;
				CLANG_CXX_LANGUAGE_STANDARD = "gnu++14";
				CLANG_CXX_LIBRARY = "libc++";
				CLANG_ENABLE_MODULES = YES;
				CLANG_ENABLE_OBJC_ARC = YES;
				CLANG_ENABLE_OBJC_WEAK = YES;
				CLANG_WARN_BLOCK_CAPTURE_AUTORELEASING = YES;
				CLANG_WARN_BOOL_CONVERSION = YES;
				CLANG_WARN_COMMA = YES;
				CLANG_WARN_CONSTANT_CONVERSION = YES;
				CLANG_WARN_DEPRECATED_OBJC_IMPLEMENTATIONS = YES;
				CLANG_WARN_DIRECT_OBJC_ISA_USAGE = YES_ERROR;
				CLANG_WARN_DOCUMENTATION_COMMENTS = YES;
				CLANG_WARN_EMPTY_BODY = YES;
				CLANG_WARN_ENUM_CONVERSION = YES;
				CLANG_WARN_INFINITE_RECURSION = YES;
				CLANG_WARN_INT_CONVERSION = YES;
				CLANG_WARN_NON_LITERAL_NULL_CONVERSION = YES;
				CLANG_WARN_OBJC_IMPLICIT_RETAIN_SELF = YES;
				CLANG_WARN_OBJC_LITERAL_CONVERSION = YES;
				CLANG_WARN_OBJC_ROOT_CLASS = YES_ERROR;
				CLANG_WARN_QUOTED_INCLUDE_IN_FRAMEWORK_HEADER = YES;
				CLANG_WARN_RANGE_LOOP_ANALYSIS = YES;
				CLANG_WARN_STRICT_PROTOTYPES = YES;
				CLANG_WARN_SUSPICIOUS_MOVE = YES;
				CLANG_WARN_UNGUARDED_AVAILABILITY = YES_AGGRESSIVE;
				CLANG_WARN_UNREACHABLE_CODE = YES;
				CLANG_WARN__DUPLICATE_METHOD_MATCH = YES;
				COPY_PHASE_STRIP = NO;
				DEBUG_INFORMATION_FORMAT = "dwarf-with-dsym";
				ENABLE_NS_ASSERTIONS = NO;
				ENABLE_STRICT_OBJC_MSGSEND = YES;
				GCC_C_LANGUAGE_STANDARD = gnu11;
				GCC_NO_COMMON_BLOCKS = YES;
				GCC_WARN_64_TO_32_BIT_CONVERSION = YES;
				GCC_WARN_ABOUT_RETURN_TYPE = YES_ERROR;
				GCC_WARN_UNDECLARED_SELECTOR = YES;
				GCC_WARN_UNINITIALIZED_AUTOS = YES_AGGRESSIVE;
				GCC_WARN_UNUSED_FUNCTION = YES;
				GCC_WARN_UNUSED_VARIABLE = YES;
				IPHONEOS_DEPLOYMENT_TARGET = 17.0;
				MTL_ENABLE_DEBUG_INFO = NO;
				MTL_FAST_MATH = YES;
				PRODUCT_NAME = "$(TARGET_NAME)";
				SDKROOT = iphoneos;
				SWIFT_COMPILATION_MODE = wholemodule;
				SWIFT_OPTIMIZATION_LEVEL = "-O";
				SWIFT_VERSION = 5.0;
			};
			name = Release;
		};
		4BB8A9181E24C2CA4D7E226B /* Release */ = {
			isa = XCBuildConfiguration;
			buildSettings = {
				BUNDLE_LOADER = "$(TEST_HOST)";
				GENERATE_INFOPLIST_FILE = YES;
				LD_RUNPATH_SEARCH_PATHS = (
					"$(inherited)",
					"@executable_path/Frameworks",
					"@loader_path/Frameworks",
				);
				PRODUCT_BUNDLE_IDENTIFIER = com.gannonhall.JabTrackerTests;
				SDKROOT = iphoneos;
				TARGETED_DEVICE_FAMILY = "1,2";
				TEST_HOST = "$(BUILT_PRODUCTS_DIR)/JabTracker.app/JabTracker";
			};
			name = Release;
		};
		5967EC98C5C0D0BF64178CEE /* Debug */ = {
			isa = XCBuildConfiguration;
			buildSettings = {
				ALWAYS_SEARCH_USER_PATHS = NO;
				CLANG_ANALYZER_NONNULL = YES;
				CLANG_ANALYZER_NUMBER_OBJECT_CONVERSION = YES_AGGRESSIVE;
				CLANG_CXX_LANGUAGE_STANDARD = "gnu++14";
				CLANG_CXX_LIBRARY = "libc++";
				CLANG_ENABLE_MODULES = YES;
				CLANG_ENABLE_OBJC_ARC = YES;
				CLANG_ENABLE_OBJC_WEAK = YES;
				CLANG_WARN_BLOCK_CAPTURE_AUTORELEASING = YES;
				CLANG_WARN_BOOL_CONVERSION = YES;
				CLANG_WARN_COMMA = YES;
				CLANG_WARN_CONSTANT_CONVERSION = YES;
				CLANG_WARN_DEPRECATED_OBJC_IMPLEMENTATIONS = YES;
				CLANG_WARN_DIRECT_OBJC_ISA_USAGE = YES_ERROR;
				CLANG_WARN_DOCUMENTATION_COMMENTS = YES;
				CLANG_WARN_EMPTY_BODY = YES;
				CLANG_WARN_ENUM_CONVERSION = YES;
				CLANG_WARN_INFINITE_RECURSION = YES;
				CLANG_WARN_INT_CONVERSION = YES;
				CLANG_WARN_NON_LITERAL_NULL_CONVERSION = YES;
				CLANG_WARN_OBJC_IMPLICIT_RETAIN_SELF = YES;
				CLANG_WARN_OBJC_LITERAL_CONVERSION = YES;
				CLANG_WARN_OBJC_ROOT_CLASS = YES_ERROR;
				CLANG_WARN_QUOTED_INCLUDE_IN_FRAMEWORK_HEADER = YES;
				CLANG_WARN_RANGE_LOOP_ANALYSIS = YES;
				CLANG_WARN_STRICT_PROTOTYPES = YES;
				CLANG_WARN_SUSPICIOUS_MOVE = YES;
				CLANG_WARN_UNGUARDED_AVAILABILITY = YES_AGGRESSIVE;
				CLANG_WARN_UNREACHABLE_CODE = YES;
				CLANG_WARN__DUPLICATE_METHOD_MATCH = YES;
				COPY_PHASE_STRIP = NO;
				DEBUG_INFORMATION_FORMAT = dwarf;
				ENABLE_STRICT_OBJC_MSGSEND = YES;
				ENABLE_TESTABILITY = YES;
				GCC_C_LANGUAGE_STANDARD = gnu11;
				GCC_DYNAMIC_NO_PIC = NO;
				GCC_NO_COMMON_BLOCKS = YES;
				GCC_OPTIMIZATION_LEVEL = 0;
				GCC_PREPROCESSOR_DEFINITIONS = (
					"$(inherited)",
					"DEBUG=1",
				);
				GCC_WARN_64_TO_32_BIT_CONVERSION = YES;
				GCC_WARN_ABOUT_RETURN_TYPE = YES_ERROR;
				GCC_WARN_UNDECLARED_SELECTOR = YES;
				GCC_WARN_UNINITIALIZED_AUTOS = YES_AGGRESSIVE;
				GCC_WARN_UNUSED_FUNCTION = YES;
				GCC_WARN_UNUSED_VARIABLE = YES;
				IPHONEOS_DEPLOYMENT_TARGET = 17.0;
				MTL_ENABLE_DEBUG_INFO = INCLUDE_SOURCE;
				MTL_FAST_MATH = YES;
				ONLY_ACTIVE_ARCH = YES;
				PRODUCT_NAME = "$(TARGET_NAME)";
				SDKROOT = iphoneos;
				SWIFT_ACTIVE_COMPILATION_CONDITIONS = DEBUG;
				SWIFT_OPTIMIZATION_LEVEL = "-Onone";
				SWIFT_VERSION = 5.0;
			};
			name = Debug;
		};
		5AD4377EBE94B41A725CAD17 /* Release */ = {
			isa = XCBuildConfiguration;
			buildSettings = {
				ASSETCATALOG_COMPILER_APPICON_NAME = AppIcon;
				CODE_SIGN_ENTITLEMENTS = JabTracker/JabTracker.entitlements;
				CODE_SIGN_IDENTITY = "iPhone Developer";
				CODE_SIGN_STYLE = Automatic;
				CURRENT_PROJECT_VERSION = 1;
				DEVELOPMENT_TEAM = ZBZKKWF95G;
				ENABLE_PREVIEWS = NO;
				INFOPLIST_FILE = JabTracker/Info.plist;
				IPHONEOS_DEPLOYMENT_TARGET = 17.0;
				LD_RUNPATH_SEARCH_PATHS = (
					"$(inherited)",
					"@executable_path/Frameworks",
				);
				MARKETING_VERSION = 1.0;
				PRODUCT_BUNDLE_IDENTIFIER = com.gannonhall.JabTracker;
				SDKROOT = iphoneos;
				TARGETED_DEVICE_FAMILY = 1;
			};
			name = Release;
		};
		78D255FA6DF5DD0A0398F908 /* Debug */ = {
			isa = XCBuildConfiguration;
			buildSettings = {
				BUNDLE_LOADER = "$(TEST_HOST)";
				GENERATE_INFOPLIST_FILE = YES;
				LD_RUNPATH_SEARCH_PATHS = (
					"$(inherited)",
					"@executable_path/Frameworks",
					"@loader_path/Frameworks",
				);
				PRODUCT_BUNDLE_IDENTIFIER = com.gannonhall.JabTrackerTests;
				SDKROOT = iphoneos;
				TARGETED_DEVICE_FAMILY = "1,2";
				TEST_HOST = "$(BUILT_PRODUCTS_DIR)/JabTracker.app/JabTracker";
			};
			name = Debug;
		};
		7EA20B2F357AAE7CE2C9C388 /* Debug */ = {
			isa = XCBuildConfiguration;
			buildSettings = {
				BUNDLE_LOADER = "$(TEST_HOST)";
				GENERATE_INFOPLIST_FILE = YES;
				LD_RUNPATH_SEARCH_PATHS = (
					"$(inherited)",
					"@executable_path/Frameworks",
					"@loader_path/Frameworks",
				);
				PRODUCT_BUNDLE_IDENTIFIER = com.gannonhall.JabTrackerUITests;
				SDKROOT = iphoneos;
				TARGETED_DEVICE_FAMILY = "1,2";
				TEST_TARGET_NAME = JabTracker;
			};
			name = Debug;
		};
		A36137E11319B8A5178B6D7D /* Debug */ = {
			isa = XCBuildConfiguration;
			buildSettings = {
				ASSETCATALOG_COMPILER_APPICON_NAME = AppIcon;
				CODE_SIGN_ENTITLEMENTS = JabTracker/JabTracker.entitlements;
				CODE_SIGN_IDENTITY = "iPhone Developer";
				CODE_SIGN_STYLE = Automatic;
				CURRENT_PROJECT_VERSION = 1;
				DEVELOPMENT_TEAM = ZBZKKWF95G;
				ENABLE_PREVIEWS = NO;
				INFOPLIST_FILE = JabTracker/Info.plist;
				IPHONEOS_DEPLOYMENT_TARGET = 17.0;
				LD_RUNPATH_SEARCH_PATHS = (
					"$(inherited)",
					"@executable_path/Frameworks",
				);
				MARKETING_VERSION = 1.0;
				PRODUCT_BUNDLE_IDENTIFIER = com.gannonhall.JabTracker;
				SDKROOT = iphoneos;
				TARGETED_DEVICE_FAMILY = 1;
			};
			name = Debug;
		};
		EFE686196E2793E0C979D6A7 /* Release */ = {
			isa = XCBuildConfiguration;
			buildSettings = {
				BUNDLE_LOADER = "$(TEST_HOST)";
				GENERATE_INFOPLIST_FILE = YES;
				LD_RUNPATH_SEARCH_PATHS = (
					"$(inherited)",
					"@executable_path/Frameworks",
					"@loader_path/Frameworks",
				);
				PRODUCT_BUNDLE_IDENTIFIER = com.gannonhall.JabTrackerUITests;
				SDKROOT = iphoneos;
				TARGETED_DEVICE_FAMILY = "1,2";
				TEST_TARGET_NAME = JabTracker;
			};
			name = Release;
		};
/* End XCBuildConfiguration section */

/* Begin XCConfigurationList section */
		5670284AF92C813168EBC466 /* Build configuration list for PBXNativeTarget "JabTrackerTests" */ = {
			isa = XCConfigurationList;
			buildConfigurations = (
				78D255FA6DF5DD0A0398F908 /* Debug */,
				4BB8A9181E24C2CA4D7E226B /* Release */,
			);
			defaultConfigurationIsVisible = 0;
			defaultConfigurationName = Debug;
		};
		74CD46B6A8A6BB6961045257 /* Build configuration list for PBXNativeTarget "JabTrackerUITests" */ = {
			isa = XCConfigurationList;
			buildConfigurations = (
				7EA20B2F357AAE7CE2C9C388 /* Debug */,
				EFE686196E2793E0C979D6A7 /* Release */,
			);
			defaultConfigurationIsVisible = 0;
			defaultConfigurationName = Debug;
		};
		922E0CD7412372F0FA47C43C /* Build configuration list for PBXProject "JabTracker" */ = {
			isa = XCConfigurationList;
			buildConfigurations = (
				5967EC98C5C0D0BF64178CEE /* Debug */,
				289AF50641E5E7ADA77DD548 /* Release */,
			);
			defaultConfigurationIsVisible = 0;
			defaultConfigurationName = Debug;
		};
		CE1EE4C2A3515203C694BE7F /* Build configuration list for PBXNativeTarget "JabTracker" */ = {
			isa = XCConfigurationList;
			buildConfigurations = (
				A36137E11319B8A5178B6D7D /* Debug */,
				5AD4377EBE94B41A725CAD17 /* Release */,
			);
			defaultConfigurationIsVisible = 0;
			defaultConfigurationName = Debug;
		};
/* End XCConfigurationList section */
	};
	rootObject = CF2D92B71850FD31EE723A56 /* Project object */;
}
